{
  "name": "reminder-api",
  "version": "1.0.0",
  "npm-shrinkwrap-version": "200.5.1",
  "node-version": "v6.0.0",
  "dependencies": {
    "accepts": {
      "version": "1.3.3",
      "resolved": "https://registry.npmjs.org/accepts/-/accepts-1.3.3.tgz"
    },
    "addressparser": {
      "version": "1.0.1",
      "resolved": "https://registry.npmjs.org/addressparser/-/addressparser-1.0.1.tgz"
    },
    "ap": {
      "version": "0.2.0",
      "resolved": "https://registry.npmjs.org/ap/-/ap-0.2.0.tgz"
    },
    "array-flatten": {
      "version": "1.1.1",
      "resolved": "https://registry.npmjs.org/array-flatten/-/array-flatten-1.1.1.tgz"
    },
    "balanced-match": {
      "version": "0.4.2",
      "resolved": "https://registry.npmjs.org/balanced-match/-/balanced-match-0.4.2.tgz"
    },
    "bignumber.js": {
      "version": "2.1.2",
      "resolved": "https://registry.npmjs.org/bignumber.js/-/bignumber.js-2.1.2.tgz"
    },
    "bindings": {
      "version": "1.2.1",
      "resolved": "https://registry.npmjs.org/bindings/-/bindings-1.2.1.tgz"
    },
    "body-parser": {
      "version": "1.15.2",
      "resolved": "https://registry.npmjs.org/body-parser/-/body-parser-1.15.2.tgz"
    },
    "brace-expansion": {
      "version": "1.1.6",
      "resolved": "https://registry.npmjs.org/brace-expansion/-/brace-expansion-1.1.6.tgz"
    },
    "browser-stdout": {
      "version": "1.3.0",
      "resolved": "https://registry.npmjs.org/browser-stdout/-/browser-stdout-1.3.0.tgz"
    },
    "buffer-shims": {
      "version": "1.0.0",
      "resolved": "https://registry.npmjs.org/buffer-shims/-/buffer-shims-1.0.0.tgz"
    },
    "buffer-writer": {
      "version": "1.0.0",
      "resolved": "https://registry.npmjs.org/buffer-writer/-/buffer-writer-1.0.0.tgz"
    },
    "buildmail": {
      "version": "3.8.0",
      "resolved": "https://registry.npmjs.org/buildmail/-/buildmail-3.8.0.tgz"
    },
    "bytes": {
      "version": "2.4.0",
      "resolved": "https://registry.npmjs.org/bytes/-/bytes-2.4.0.tgz"
    },
    "camelize": {
      "version": "1.0.0",
      "resolved": "https://registry.npmjs.org/camelize/-/camelize-1.0.0.tgz"
    },
    "comb": {
      "version": "1.0.1",
      "resolved": "https://registry.npmjs.org/comb/-/comb-1.0.1.tgz"
    },
    "comb-proxy": {
      "version": "1.0.0",
      "resolved": "https://registry.npmjs.org/comb-proxy/-/comb-proxy-1.0.0.tgz"
    },
    "commander": {
      "version": "2.9.0",
      "resolved": "https://registry.npmjs.org/commander/-/commander-2.9.0.tgz"
    },
    "concat-map": {
      "version": "0.0.1",
      "resolved": "https://registry.npmjs.org/concat-map/-/concat-map-0.0.1.tgz"
    },
    "connect": {
      "version": "3.4.1",
      "resolved": "https://registry.npmjs.org/connect/-/connect-3.4.1.tgz",
      "dependencies": {
        "finalhandler": {
          "version": "0.4.1",
          "resolved": "https://registry.npmjs.org/finalhandler/-/finalhandler-0.4.1.tgz"
        }
      }
    },
    "content-disposition": {
      "version": "0.5.1",
      "resolved": "https://registry.npmjs.org/content-disposition/-/content-disposition-0.5.1.tgz"
    },
    "content-security-policy-builder": {
      "version": "1.0.0",
      "resolved": "https://registry.npmjs.org/content-security-policy-builder/-/content-security-policy-builder-1.0.0.tgz"
    },
    "content-type": {
      "version": "1.0.2",
      "resolved": "https://registry.npmjs.org/content-type/-/content-type-1.0.2.tgz"
    },
    "cookie": {
      "version": "0.3.1",
      "resolved": "https://registry.npmjs.org/cookie/-/cookie-0.3.1.tgz"
    },
    "cookie-signature": {
      "version": "1.0.6",
      "resolved": "https://registry.npmjs.org/cookie-signature/-/cookie-signature-1.0.6.tgz"
    },
    "core-util-is": {
      "version": "1.0.2",
      "resolved": "https://registry.npmjs.org/core-util-is/-/core-util-is-1.0.2.tgz"
    },
    "cron": {
      "version": "1.1.0",
      "resolved": "https://registry.npmjs.org/cron/-/cron-1.1.0.tgz"
    },
    "dashify": {
      "version": "0.2.2",
      "resolved": "https://registry.npmjs.org/dashify/-/dashify-0.2.2.tgz"
    },
    "debug": {
      "version": "2.2.0",
      "resolved": "https://registry.npmjs.org/debug/-/debug-2.2.0.tgz"
    },
    "depd": {
      "version": "1.1.0",
      "resolved": "https://registry.npmjs.org/depd/-/depd-1.1.0.tgz"
    },
    "destroy": {
      "version": "1.0.4",
      "resolved": "https://registry.npmjs.org/destroy/-/destroy-1.0.4.tgz"
    },
    "diff": {
      "version": "1.0.8",
      "resolved": "https://registry.npmjs.org/diff/-/diff-1.0.8.tgz"
    },
    "dns-prefetch-control": {
      "version": "0.1.0",
      "resolved": "https://registry.npmjs.org/dns-prefetch-control/-/dns-prefetch-control-0.1.0.tgz"
    },
    "dont-sniff-mimetype": {
      "version": "1.0.0",
      "resolved": "https://registry.npmjs.org/dont-sniff-mimetype/-/dont-sniff-mimetype-1.0.0.tgz"
    },
    "ee-first": {
      "version": "1.1.1",
      "resolved": "https://registry.npmjs.org/ee-first/-/ee-first-1.1.1.tgz"
    },
    "email-validator": {
      "version": "1.0.4",
      "resolved": "https://registry.npmjs.org/email-validator/-/email-validator-1.0.4.tgz"
    },
    "encodeurl": {
      "version": "1.0.1",
      "resolved": "https://registry.npmjs.org/encodeurl/-/encodeurl-1.0.1.tgz"
    },
    "escape-html": {
      "version": "1.0.3",
      "resolved": "https://registry.npmjs.org/escape-html/-/escape-html-1.0.3.tgz"
    },
    "escape-string-regexp": {
      "version": "1.0.5",
      "resolved": "https://registry.npmjs.org/escape-string-regexp/-/escape-string-regexp-1.0.5.tgz"
    },
    "etag": {
      "version": "1.7.0",
      "resolved": "https://registry.npmjs.org/etag/-/etag-1.7.0.tgz"
    },
    "express": {
      "version": "4.14.0",
      "resolved": "https://registry.npmjs.org/express/-/express-4.14.0.tgz"
    },
    "eyes": {
      "version": "0.1.8",
      "resolved": "https://registry.npmjs.org/eyes/-/eyes-0.1.8.tgz"
    },
    "finalhandler": {
      "version": "0.5.0",
      "resolved": "https://registry.npmjs.org/finalhandler/-/finalhandler-0.5.0.tgz"
    },
    "formatio": {
      "version": "1.1.1",
      "resolved": "https://registry.npmjs.org/formatio/-/formatio-1.1.1.tgz"
    },
    "forwarded": {
      "version": "0.1.0",
      "resolved": "https://registry.npmjs.org/forwarded/-/forwarded-0.1.0.tgz"
    },
    "frameguard": {
      "version": "2.0.0",
      "resolved": "https://registry.npmjs.org/frameguard/-/frameguard-2.0.0.tgz"
    },
    "fresh": {
      "version": "0.3.0",
      "resolved": "https://registry.npmjs.org/fresh/-/fresh-0.3.0.tgz"
    },
    "fs.realpath": {
      "version": "1.0.0",
      "resolved": "https://registry.npmjs.org/fs.realpath/-/fs.realpath-1.0.0.tgz"
    },
    "generic-pool": {
      "version": "2.1.1",
      "resolved": "https://registry.npmjs.org/generic-pool/-/generic-pool-2.1.1.tgz"
    },
    "glob": {
      "version": "4.0.6",
      "resolved": "https://registry.npmjs.org/glob/-/glob-4.0.6.tgz"
    },
    "graceful-fs": {
      "version": "3.0.8",
      "resolved": "https://registry.npmjs.org/graceful-fs/-/graceful-fs-3.0.8.tgz"
    },
    "graceful-readlink": {
      "version": "1.0.1",
      "resolved": "https://registry.npmjs.org/graceful-readlink/-/graceful-readlink-1.0.1.tgz"
    },
    "growl": {
      "version": "1.9.2",
      "resolved": "https://registry.npmjs.org/growl/-/growl-1.9.2.tgz"
    },
    "has-flag": {
      "version": "1.0.0",
      "resolved": "https://registry.npmjs.org/has-flag/-/has-flag-1.0.0.tgz"
    },
    "helmet": {
      "version": "2.1.2",
      "resolved": "https://registry.npmjs.org/helmet/-/helmet-2.1.2.tgz"
    },
    "helmet-csp": {
      "version": "1.2.2",
      "resolved": "https://registry.npmjs.org/helmet-csp/-/helmet-csp-1.2.2.tgz"
    },
    "hide-powered-by": {
      "version": "1.0.0",
      "resolved": "https://registry.npmjs.org/hide-powered-by/-/hide-powered-by-1.0.0.tgz"
    },
    "hive-cache": {
      "version": "0.0.3",
      "resolved": "https://registry.npmjs.org/hive-cache/-/hive-cache-0.0.3.tgz"
    },
    "hpkp": {
      "version": "1.1.0",
      "resolved": "https://registry.npmjs.org/hpkp/-/hpkp-1.1.0.tgz"
    },
    "hsts": {
      "version": "1.0.0",
      "resolved": "https://registry.npmjs.org/hsts/-/hsts-1.0.0.tgz"
    },
    "http-errors": {
      "version": "1.5.0",
      "resolved": "https://registry.npmjs.org/http-errors/-/http-errors-1.5.0.tgz"
    },
    "httpntlm": {
      "version": "1.6.1",
      "resolved": "https://registry.npmjs.org/httpntlm/-/httpntlm-1.6.1.tgz"
    },
    "httpreq": {
      "version": "0.4.22",
      "resolved": "https://registry.npmjs.org/httpreq/-/httpreq-0.4.22.tgz"
    },
    "iconv-lite": {
      "version": "0.4.13",
      "resolved": "https://registry.npmjs.org/iconv-lite/-/iconv-lite-0.4.13.tgz"
    },
    "ienoopen": {
      "version": "1.0.0",
      "resolved": "https://registry.npmjs.org/ienoopen/-/ienoopen-1.0.0.tgz"
    },
    "inflight": {
      "version": "1.0.5",
      "resolved": "https://registry.npmjs.org/inflight/-/inflight-1.0.5.tgz"
    },
    "inherits": {
      "version": "2.0.1",
      "resolved": "https://registry.npmjs.org/inherits/-/inherits-2.0.1.tgz"
    },
    "ip": {
      "version": "1.1.3",
      "resolved": "https://registry.npmjs.org/ip/-/ip-1.1.3.tgz"
    },
    "ipaddr.js": {
      "version": "1.1.1",
      "resolved": "https://registry.npmjs.org/ipaddr.js/-/ipaddr.js-1.1.1.tgz"
    },
    "is-safe-integer": {
      "version": "1.0.1",
      "resolved": "https://registry.npmjs.org/is-safe-integer/-/is-safe-integer-1.0.1.tgz"
    },
    "isarray": {
      "version": "0.0.1",
      "resolved": "https://registry.npmjs.org/isarray/-/isarray-0.0.1.tgz"
    },
    "json3": {
      "version": "3.3.2",
      "resolved": "https://registry.npmjs.org/json3/-/json3-3.3.2.tgz"
    },
    "libbase64": {
      "version": "0.1.0",
      "resolved": "https://registry.npmjs.org/libbase64/-/libbase64-0.1.0.tgz"
    },
    "libmime": {
      "version": "2.0.3",
      "resolved": "https://registry.npmjs.org/libmime/-/libmime-2.0.3.tgz"
    },
    "libqp": {
      "version": "1.1.0",
      "resolved": "https://registry.npmjs.org/libqp/-/libqp-1.1.0.tgz"
    },
    "lodash._baseassign": {
      "version": "3.2.0",
      "resolved": "https://registry.npmjs.org/lodash._baseassign/-/lodash._baseassign-3.2.0.tgz"
    },
    "lodash._basecopy": {
      "version": "3.0.1",
      "resolved": "https://registry.npmjs.org/lodash._basecopy/-/lodash._basecopy-3.0.1.tgz"
    },
    "lodash._basecreate": {
      "version": "3.0.3",
      "resolved": "https://registry.npmjs.org/lodash._basecreate/-/lodash._basecreate-3.0.3.tgz"
    },
    "lodash._getnative": {
      "version": "3.9.1",
      "resolved": "https://registry.npmjs.org/lodash._getnative/-/lodash._getnative-3.9.1.tgz"
    },
    "lodash._isiterateecall": {
      "version": "3.0.9",
      "resolved": "https://registry.npmjs.org/lodash._isiterateecall/-/lodash._isiterateecall-3.0.9.tgz"
    },
    "lodash.create": {
      "version": "3.1.1",
      "resolved": "https://registry.npmjs.org/lodash.create/-/lodash.create-3.1.1.tgz"
    },
    "lodash.isarguments": {
      "version": "3.0.9",
      "resolved": "https://registry.npmjs.org/lodash.isarguments/-/lodash.isarguments-3.0.9.tgz"
    },
    "lodash.isarray": {
      "version": "3.0.4",
      "resolved": "https://registry.npmjs.org/lodash.isarray/-/lodash.isarray-3.0.4.tgz"
    },
    "lodash.keys": {
      "version": "3.1.2",
      "resolved": "https://registry.npmjs.org/lodash.keys/-/lodash.keys-3.1.2.tgz"
    },
    "lodash.reduce": {
      "version": "4.5.0",
      "resolved": "https://registry.npmjs.org/lodash.reduce/-/lodash.reduce-4.5.0.tgz"
    },
    "lolex": {
      "version": "1.3.2",
      "resolved": "https://registry.npmjs.org/lolex/-/lolex-1.3.2.tgz"
    },
    "lru-cache": {
      "version": "2.7.3",
      "resolved": "https://registry.npmjs.org/lru-cache/-/lru-cache-2.7.3.tgz"
    },
    "mailcomposer": {
      "version": "3.10.0",
      "resolved": "https://registry.npmjs.org/mailcomposer/-/mailcomposer-3.10.0.tgz"
    },
    "max-safe-integer": {
      "version": "1.0.0",
      "resolved": "https://registry.npmjs.org/max-safe-integer/-/max-safe-integer-1.0.0.tgz"
    },
    "media-typer": {
      "version": "0.3.0",
      "resolved": "https://registry.npmjs.org/media-typer/-/media-typer-0.3.0.tgz"
    },
    "merge-descriptors": {
      "version": "1.0.1",
      "resolved": "https://registry.npmjs.org/merge-descriptors/-/merge-descriptors-1.0.1.tgz"
    },
    "methods": {
      "version": "1.1.2",
      "resolved": "https://registry.npmjs.org/methods/-/methods-1.1.2.tgz"
    },
    "mime": {
      "version": "1.3.4",
      "resolved": "https://registry.npmjs.org/mime/-/mime-1.3.4.tgz"
    },
    "mime-db": {
      "version": "1.23.0",
      "resolved": "https://registry.npmjs.org/mime-db/-/mime-db-1.23.0.tgz"
    },
    "mime-types": {
      "version": "2.1.11",
      "resolved": "https://registry.npmjs.org/mime-types/-/mime-types-2.1.11.tgz"
    },
    "minimatch": {
      "version": "1.0.0",
      "resolved": "https://registry.npmjs.org/minimatch/-/minimatch-1.0.0.tgz"
    },
    "minimist": {
      "version": "0.0.8",
      "resolved": "https://registry.npmjs.org/minimist/-/minimist-0.0.8.tgz"
    },
    "mkdirp": {
      "version": "0.5.1",
      "resolved": "https://registry.npmjs.org/mkdirp/-/mkdirp-0.5.1.tgz"
    },
    "moment": {
      "version": "2.14.1",
      "resolved": "https://registry.npmjs.org/moment/-/moment-2.14.1.tgz"
    },
    "moment-timezone": {
      "version": "0.3.1",
      "resolved": "https://registry.npmjs.org/moment-timezone/-/moment-timezone-0.3.1.tgz"
    },
    "ms": {
      "version": "0.7.1",
      "resolved": "https://registry.npmjs.org/ms/-/ms-0.7.1.tgz"
    },
    "mysql": {
      "version": "2.10.0",
      "resolved": "https://registry.npmjs.org/mysql/-/mysql-2.10.0.tgz"
    },
    "nan": {
      "version": "2.4.0",
      "resolved": "https://registry.npmjs.org/nan/-/nan-2.4.0.tgz"
    },
    "negotiator": {
      "version": "0.6.1",
      "resolved": "https://registry.npmjs.org/negotiator/-/negotiator-0.6.1.tgz"
    },
    "nocache": {
      "version": "1.0.1",
      "resolved": "https://registry.npmjs.org/nocache/-/nocache-1.0.1.tgz"
    },
    "node-proxy": {
      "version": "1.0.0",
      "resolved": "https://registry.npmjs.org/node-proxy/-/node-proxy-1.0.0.tgz"
    },
    "nodemailer": {
      "version": "2.5.0",
      "resolved": "https://registry.npmjs.org/nodemailer/-/nodemailer-2.5.0.tgz"
    },
    "nodemailer-direct-transport": {
      "version": "3.2.0",
      "resolved": "https://registry.npmjs.org/nodemailer-direct-transport/-/nodemailer-direct-transport-3.2.0.tgz"
    },
    "nodemailer-fetch": {
      "version": "1.4.0",
      "resolved": "https://registry.npmjs.org/nodemailer-fetch/-/nodemailer-fetch-1.4.0.tgz"
    },
    "nodemailer-shared": {
      "version": "1.0.5",
      "resolved": "https://registry.npmjs.org/nodemailer-shared/-/nodemailer-shared-1.0.5.tgz"
    },
    "nodemailer-smtp-pool": {
      "version": "2.7.0",
      "resolved": "https://registry.npmjs.org/nodemailer-smtp-pool/-/nodemailer-smtp-pool-2.7.0.tgz"
    },
    "nodemailer-smtp-transport": {
      "version": "2.6.0",
      "resolved": "https://registry.npmjs.org/nodemailer-smtp-transport/-/nodemailer-smtp-transport-2.6.0.tgz"
    },
    "nodemailer-wellknown": {
      "version": "0.1.10",
      "resolved": "https://registry.npmjs.org/nodemailer-wellknown/-/nodemailer-wellknown-0.1.10.tgz"
    },
    "on-finished": {
      "version": "2.3.0",
      "resolved": "https://registry.npmjs.org/on-finished/-/on-finished-2.3.0.tgz"
    },
    "once": {
      "version": "1.3.3",
      "resolved": "https://registry.npmjs.org/once/-/once-1.3.3.tgz"
    },
    "packet-reader": {
      "version": "0.2.0",
      "resolved": "https://registry.npmjs.org/packet-reader/-/packet-reader-0.2.0.tgz"
    },
    "parseurl": {
      "version": "1.3.1",
      "resolved": "https://registry.npmjs.org/parseurl/-/parseurl-1.3.1.tgz"
    },
    "path-is-absolute": {
      "version": "1.0.0",
      "resolved": "https://registry.npmjs.org/path-is-absolute/-/path-is-absolute-1.0.0.tgz"
    },
    "path-to-regexp": {
      "version": "0.1.7",
      "resolved": "https://registry.npmjs.org/path-to-regexp/-/path-to-regexp-0.1.7.tgz"
    },
    "patio": {
      "version": "1.3.0",
      "resolved": "https://registry.npmjs.org/patio/-/patio-1.3.0.tgz"
    },
    "pg": {
      "version": "4.4.3",
      "resolved": "https://registry.npmjs.org/pg/-/pg-4.4.3.tgz"
    },
    "pg-connection-string": {
      "version": "0.1.3",
      "resolved": "https://registry.npmjs.org/pg-connection-string/-/pg-connection-string-0.1.3.tgz"
    },
    "pg-cursor": {
      "version": "1.0.0",
      "resolved": "https://registry.npmjs.org/pg-cursor/-/pg-cursor-1.0.0.tgz"
    },
    "pg-query-stream": {
      "version": "1.0.0",
      "resolved": "https://registry.npmjs.org/pg-query-stream/-/pg-query-stream-1.0.0.tgz",
      "dependencies": {
        "isarray": {
          "version": "1.0.0",
          "resolved": "https://registry.npmjs.org/isarray/-/isarray-1.0.0.tgz"
        },
        "readable-stream": {
          "version": "2.1.4",
          "resolved": "https://registry.npmjs.org/readable-stream/-/readable-stream-2.1.4.tgz"
        }
      }
    },
    "pg-types": {
      "version": "1.10.0",
      "resolved": "https://registry.npmjs.org/pg-types/-/pg-types-1.10.0.tgz"
    },
    "pgpass": {
      "version": "0.0.3",
      "resolved": "https://registry.npmjs.org/pgpass/-/pgpass-0.0.3.tgz"
    },
    "platform": {
      "version": "1.3.1",
      "resolved": "https://registry.npmjs.org/platform/-/platform-1.3.1.tgz"
    },
    "postgres-array": {
      "version": "1.0.0",
      "resolved": "https://registry.npmjs.org/postgres-array/-/postgres-array-1.0.0.tgz"
    },
    "postgres-bytea": {
      "version": "1.0.0",
      "resolved": "https://registry.npmjs.org/postgres-bytea/-/postgres-bytea-1.0.0.tgz"
    },
    "postgres-date": {
      "version": "1.0.3",
      "resolved": "https://registry.npmjs.org/postgres-date/-/postgres-date-1.0.3.tgz"
    },
    "postgres-interval": {
      "version": "1.0.2",
      "resolved": "https://registry.npmjs.org/postgres-interval/-/postgres-interval-1.0.2.tgz"
    },
    "process-nextick-args": {
      "version": "1.0.7",
      "resolved": "https://registry.npmjs.org/process-nextick-args/-/process-nextick-args-1.0.7.tgz"
    },
    "proxy-addr": {
      "version": "1.1.2",
      "resolved": "https://registry.npmjs.org/proxy-addr/-/proxy-addr-1.1.2.tgz"
    },
    "qs": {
      "version": "6.2.0",
      "resolved": "https://registry.npmjs.org/qs/-/qs-6.2.0.tgz"
    },
    "range-parser": {
      "version": "1.2.0",
      "resolved": "https://registry.npmjs.org/range-parser/-/range-parser-1.2.0.tgz"
    },
    "raw-body": {
      "version": "2.1.7",
      "resolved": "https://registry.npmjs.org/raw-body/-/raw-body-2.1.7.tgz"
    },
    "readable-stream": {
      "version": "1.1.14",
      "resolved": "https://registry.npmjs.org/readable-stream/-/readable-stream-1.1.14.tgz"
    },
    "samsam": {
      "version": "1.1.2",
      "resolved": "https://registry.npmjs.org/samsam/-/samsam-1.1.2.tgz"
    },
    "semver": {
      "version": "4.3.6",
      "resolved": "https://registry.npmjs.org/semver/-/semver-4.3.6.tgz"
    },
    "send": {
      "version": "0.14.1",
      "resolved": "https://registry.npmjs.org/send/-/send-0.14.1.tgz"
    },
    "serve-static": {
      "version": "1.11.1",
      "resolved": "https://registry.npmjs.org/serve-static/-/serve-static-1.11.1.tgz"
    },
    "setprototypeof": {
      "version": "1.0.1",
      "resolved": "https://registry.npmjs.org/setprototypeof/-/setprototypeof-1.0.1.tgz"
    },
    "sigmund": {
      "version": "1.0.1",
      "resolved": "https://registry.npmjs.org/sigmund/-/sigmund-1.0.1.tgz"
    },
    "smart-buffer": {
      "version": "1.0.11",
      "resolved": "https://registry.npmjs.org/smart-buffer/-/smart-buffer-1.0.11.tgz"
    },
    "smtp-connection": {
      "version": "2.8.0",
      "resolved": "https://registry.npmjs.org/smtp-connection/-/smtp-connection-2.8.0.tgz"
    },
    "socks": {
      "version": "1.1.9",
      "resolved": "https://registry.npmjs.org/socks/-/socks-1.1.9.tgz"
    },
    "split": {
      "version": "0.3.3",
      "resolved": "https://registry.npmjs.org/split/-/split-0.3.3.tgz"
    },
    "statuses": {
      "version": "1.3.0",
      "resolved": "https://registry.npmjs.org/statuses/-/statuses-1.3.0.tgz"
    },
    "string_decoder": {
      "version": "0.10.31",
      "resolved": "https://registry.npmjs.org/string_decoder/-/string_decoder-0.10.31.tgz"
    },
    "supports-color": {
      "version": "3.1.2",
      "resolved": "https://registry.npmjs.org/supports-color/-/supports-color-3.1.2.tgz"
    },
    "through": {
      "version": "2.3.8",
      "resolved": "https://registry.npmjs.org/through/-/through-2.3.8.tgz"
    },
    "type-is": {
      "version": "1.6.13",
      "resolved": "https://registry.npmjs.org/type-is/-/type-is-1.6.13.tgz"
    },
    "underscore": {
      "version": "1.7.0",
      "resolved": "https://registry.npmjs.org/underscore/-/underscore-1.7.0.tgz"
    },
    "unpipe": {
      "version": "1.0.0",
      "resolved": "https://registry.npmjs.org/unpipe/-/unpipe-1.0.0.tgz"
    },
    "util": {
      "version": "0.10.3",
      "resolved": "https://registry.npmjs.org/util/-/util-0.10.3.tgz"
    },
    "util-deprecate": {
      "version": "1.0.2",
      "resolved": "https://registry.npmjs.org/util-deprecate/-/util-deprecate-1.0.2.tgz"
    },
    "utils-merge": {
      "version": "1.0.0",
      "resolved": "https://registry.npmjs.org/utils-merge/-/utils-merge-1.0.0.tgz"
    },
    "validator": {
      "version": "1.5.1",
      "resolved": "https://registry.npmjs.org/validator/-/validator-1.5.1.tgz"
    },
    "vary": {
      "version": "1.1.0",
      "resolved": "https://registry.npmjs.org/vary/-/vary-1.1.0.tgz"
    },
    "vows": {
      "version": "0.8.1",
      "resolved": "https://registry.npmjs.org/vows/-/vows-0.8.1.tgz"
    },
    "wrappy": {
      "version": "1.0.2",
      "resolved": "https://registry.npmjs.org/wrappy/-/wrappy-1.0.2.tgz"
    },
    "x-xss-protection": {
      "version": "1.0.0",
      "resolved": "https://registry.npmjs.org/x-xss-protection/-/x-xss-protection-1.0.0.tgz"
    },
    "xtend": {
      "version": "4.0.1",
      "resolved": "https://registry.npmjs.org/xtend/-/xtend-4.0.1.tgz"
    }
  }
}
